
Microsoft Visual Studio Solution File, Format Version 12.00
# Visual Studio 2013
VisualStudioVersion = 12.0.30501.0
MinimumVisualStudioVersion = 10.0.40219.1
Project("{8BC9CEB8-8B4A-11D0-8D11-00A0C91BC942}") = "算法-常用查找算法-adjacent_find", "算法-常用查找算法-adjacent_find\算法-常用查找算法-adjacent_find.vcxproj", "{C77B0607-1D6C-4299-9E99-671591E80BCC}"
EndProject
Global
	GlobalSection(SolutionConfigurationPlatforms) = preSolution
		Debug|Win32 = Debug|Win32
		Release|Win32 = Release|Win32
	EndGlobalSection
	GlobalSection(ProjectConfigurationPlatforms) = postSolution
		{C77B0607-1D6C-4299-9E99-671591E80BCC}.Debug|Win32.ActiveCfg = Debug|Win32
		{C77B0607-1D6C-4299-9E99-671591E80BCC}.Debug|Win32.Build.0 = Debug|Win32
		{C77B0607-1D6C-4299-9E99-671591E80BCC}.Release|Win32.ActiveCfg = Release|Win32
		{C77B0607-1D6C-4299-9E99-671591E80BCC}.Release|Win32.Build.0 = Release|Win32
	EndGlobalSection
	GlobalSection(SolutionProperties) = preSolution
		HideSolutionNode = FALSE
	EndGlobalSection
EndGlobal
