
Microsoft Visual Studio Solution File, Format Version 12.00
# Visual Studio 2013
VisualStudioVersion = 12.0.30501.0
MinimumVisualStudioVersion = 10.0.40219.1
Project("{8BC9CEB8-8B4A-11D0-8D11-00A0C91BC942}") = "算法-常用查找算法-find_if", "算法-常用查找算法-find_if\算法-常用查找算法-find_if.vcxproj", "{2366298C-F9BB-4220-9BD8-93466B1D6969}"
EndProject
Global
	GlobalSection(SolutionConfigurationPlatforms) = preSolution
		Debug|Win32 = Debug|Win32
		Release|Win32 = Release|Win32
	EndGlobalSection
	GlobalSection(ProjectConfigurationPlatforms) = postSolution
		{2366298C-F9BB-4220-9BD8-93466B1D6969}.Debug|Win32.ActiveCfg = Debug|Win32
		{2366298C-F9BB-4220-9BD8-93466B1D6969}.Debug|Win32.Build.0 = Debug|Win32
		{2366298C-F9BB-4220-9BD8-93466B1D6969}.Release|Win32.ActiveCfg = Release|Win32
		{2366298C-F9BB-4220-9BD8-93466B1D6969}.Release|Win32.Build.0 = Release|Win32
	EndGlobalSection
	GlobalSection(SolutionProperties) = preSolution
		HideSolutionNode = FALSE
	EndGlobalSection
EndGlobal
