
Microsoft Visual Studio Solution File, Format Version 12.00
# Visual Studio Version 16
VisualStudioVersion = 16.0.31005.135
MinimumVisualStudioVersion = 10.0.40219.1
Project("{8BC9CEB8-8B4A-11D0-8D11-00A0C91BC942}") = "STL-deque容器", "STL-deque容器\STL-deque容器.vcxproj", "{20368813-16E1-45D9-975F-C54E6EA99C89}"
EndProject
Global
	GlobalSection(SolutionConfigurationPlatforms) = preSolution
		Debug|x64 = Debug|x64
		Debug|x86 = Debug|x86
		Release|x64 = Release|x64
		Release|x86 = Release|x86
	EndGlobalSection
	GlobalSection(ProjectConfigurationPlatforms) = postSolution
		{20368813-16E1-45D9-975F-C54E6EA99C89}.Debug|x64.ActiveCfg = Debug|x64
		{20368813-16E1-45D9-975F-C54E6EA99C89}.Debug|x64.Build.0 = Debug|x64
		{20368813-16E1-45D9-975F-C54E6EA99C89}.Debug|x86.ActiveCfg = Debug|Win32
		{20368813-16E1-45D9-975F-C54E6EA99C89}.Debug|x86.Build.0 = Debug|Win32
		{20368813-16E1-45D9-975F-C54E6EA99C89}.Release|x64.ActiveCfg = Release|x64
		{20368813-16E1-45D9-975F-C54E6EA99C89}.Release|x64.Build.0 = Release|x64
		{20368813-16E1-45D9-975F-C54E6EA99C89}.Release|x86.ActiveCfg = Release|Win32
		{20368813-16E1-45D9-975F-C54E6EA99C89}.Release|x86.Build.0 = Release|Win32
	EndGlobalSection
	GlobalSection(SolutionProperties) = preSolution
		HideSolutionNode = FALSE
	EndGlobalSection
	GlobalSection(ExtensibilityGlobals) = postSolution
		SolutionGuid = {3E882CC5-9EAC-45C8-B140-836688AB611E}
	EndGlobalSection
EndGlobal
