
Microsoft Visual Studio Solution File, Format Version 12.00
# Visual Studio 2013
VisualStudioVersion = 12.0.30501.0
MinimumVisualStudioVersion = 10.0.40219.1
Project("{8BC9CEB8-8B4A-11D0-8D11-00A0C91BC942}") = "多态案例三-电脑组装", "多态案例三-电脑组装\多态案例三-电脑组装.vcxproj", "{2C889D96-0C5F-42D1-9BE1-134BF4A08071}"
EndProject
Global
	GlobalSection(SolutionConfigurationPlatforms) = preSolution
		Debug|Win32 = Debug|Win32
		Release|Win32 = Release|Win32
	EndGlobalSection
	GlobalSection(ProjectConfigurationPlatforms) = postSolution
		{2C889D96-0C5F-42D1-9BE1-134BF4A08071}.Debug|Win32.ActiveCfg = Debug|Win32
		{2C889D96-0C5F-42D1-9BE1-134BF4A08071}.Debug|Win32.Build.0 = Debug|Win32
		{2C889D96-0C5F-42D1-9BE1-134BF4A08071}.Release|Win32.ActiveCfg = Release|Win32
		{2C889D96-0C5F-42D1-9BE1-134BF4A08071}.Release|Win32.Build.0 = Release|Win32
	EndGlobalSection
	GlobalSection(SolutionProperties) = preSolution
		HideSolutionNode = FALSE
	EndGlobalSection
EndGlobal
